{
  "nodes": {
    "nixpkgs": {
      "locked": {
        "lastModified": 1603543791,
        "narHash": "sha256-brRdkvw5H4YBqEwU4GLTods/ZKAFdApCL0cHZGmXrNA=",
        "owner": "LnL7",
        "repo": "nixpkgs",
        "rev": "b238f4181024e1b3a465641c9ed4f55e2cced143",
        "type": "github"
      },
      "original": {
        "owner": "NixOS",
        "ref": "nixpkgs-unstable",
        "repo": "nixpkgs",
        "type": "github"
      }
    },
    "root": {
      "inputs": {
        "nixpkgs": "nixpkgs"
      }
    }
  },
  "root": "root",
  "version": 7
}
